
Microsoft Visual Studio Solution File, Format Version 11.00
# Visual Studio 2010
Project("{FAE04EC0-301F-11D3-BF4B-00C04F79EFBC}") = "Tango-Hiro", "Assembly-CSharp.csproj", "{9ED669CF-95E0-1E42-E57C-F1B92D65F9FD}"
EndProject
Project("{FAE04EC0-301F-11D3-BF4B-00C04F79EFBC}") = "Tango-Hiro", "Assembly-CSharp-Editor.csproj", "{5679B25E-C012-F094-56DA-1DA2F71F5394}"
EndProject
Global
	GlobalSection(SolutionConfigurationPlatforms) = preSolution
		Debug|Any CPU = Debug|Any CPU
		Release|Any CPU = Release|Any CPU
	EndGlobalSection
	GlobalSection(ProjectConfigurationPlatforms) = postSolution
		{9ED669CF-95E0-1E42-E57C-F1B92D65F9FD}.Debug|Any CPU.ActiveCfg = Debug|Any CPU
		{9ED669CF-95E0-1E42-E57C-F1B92D65F9FD}.Debug|Any CPU.Build.0 = Debug|Any CPU
		{9ED669CF-95E0-1E42-E57C-F1B92D65F9FD}.Release|Any CPU.ActiveCfg = Release|Any CPU
		{9ED669CF-95E0-1E42-E57C-F1B92D65F9FD}.Release|Any CPU.Build.0 = Release|Any CPU
		{5679B25E-C012-F094-56DA-1DA2F71F5394}.Debug|Any CPU.ActiveCfg = Debug|Any CPU
		{5679B25E-C012-F094-56DA-1DA2F71F5394}.Debug|Any CPU.Build.0 = Debug|Any CPU
		{5679B25E-C012-F094-56DA-1DA2F71F5394}.Release|Any CPU.ActiveCfg = Release|Any CPU
		{5679B25E-C012-F094-56DA-1DA2F71F5394}.Release|Any CPU.Build.0 = Release|Any CPU
	EndGlobalSection
	GlobalSection(SolutionProperties) = preSolution
		HideSolutionNode = FALSE
	EndGlobalSection
	GlobalSection(MonoDevelopProperties) = preSolution
		StartupItem = Assembly-CSharp.csproj
	EndGlobalSection
EndGlobal
